// !$*UTF8*$!
{
	archiveVersion = 1;
	classes = {
	};
	objectVersion = 50;
	objects = {

/* Begin PBXBuildFile section */
		AE3DC3FC253D73C8005A0B95 /* AppDelegate.swift in Sources */ = {isa = PBXBuildFile; fileRef = AE3DC3FB253D73C8005A0B95 /* AppDelegate.swift */; };
		AE3DC3FE253D73C8005A0B95 /* SceneDelegate.swift in Sources */ = {isa = PBXBuildFile; fileRef = AE3DC3FD253D73C8005A0B95 /* SceneDelegate.swift */; };
		AE3DC400253D73C8005A0B95 /* ContentView.swift in Sources */ = {isa = PBXBuildFile; fileRef = AE3DC3FF253D73C8005A0B95 /* ContentView.swift */; };
		AE3DC402253D73CA005A0B95 /* Assets.xcassets in Resources */ = {isa = PBXBuildFile; fileRef = AE3DC401253D73CA005A0B95 /* Assets.xcassets */; };
		AE3DC405253D73CA005A0B95 /* Preview Assets.xcassets in Resources */ = {isa = PBXBuildFile; fileRef = AE3DC404253D73CA005A0B95 /* Preview Assets.xcassets */; };
		AE3DC408253D73CA005A0B95 /* LaunchScreen.storyboard in Resources */ = {isa = PBXBuildFile; fileRef = AE3DC406253D73CA005A0B95 /* LaunchScreen.storyboard */; };
		AE3EA250253D82B6002EA6CD /* UI.framework in Frameworks */ = {isa = PBXBuildFile; fileRef = AE3EA24F253D82AF002EA6CD /* UI.framework */; };
		AE3EA251253D82B6002EA6CD /* UI.framework in Embed Frameworks */ = {isa = PBXBuildFile; fileRef = AE3EA24F253D82AF002EA6CD /* UI.framework */; settings = {ATTRIBUTES = (CodeSignOnCopy, RemoveHeadersOnCopy, ); }; };
/* End PBXBuildFile section */

/* Begin PBXContainerItemProxy section */
		AE3EA24E253D82AF002EA6CD /* PBXContainerItemProxy */ = {
			isa = PBXContainerItemProxy;
			containerPortal = AE3EA24A253D82AF002EA6CD /* UI.xcodeproj */;
			proxyType = 2;
			remoteGlobalIDString = AE3DC41D253D76E8005A0B95;
			remoteInfo = UI;
		};
		AE3EA252253D82BC002EA6CD /* PBXContainerItemProxy */ = {
			isa = PBXContainerItemProxy;
			containerPortal = AE3EA24A253D82AF002EA6CD /* UI.xcodeproj */;
			proxyType = 1;
			remoteGlobalIDString = AE3DC41C253D76E8005A0B95;
			remoteInfo = UI;
		};
/* End PBXContainerItemProxy section */

/* Begin PBXCopyFilesBuildPhase section */
		AE3DC43A253D7747005A0B95 /* Embed Frameworks */ = {
			isa = PBXCopyFilesBuildPhase;
			buildActionMask = 2147483647;
			dstPath = "";
			dstSubfolderSpec = 10;
			files = (
				AE3EA251253D82B6002EA6CD /* UI.framework in Embed Frameworks */,
			);
			name = "Embed Frameworks";
			runOnlyForDeploymentPostprocessing = 0;
		};
/* End PBXCopyFilesBuildPhase section */

/* Begin PBXFileReference section */
		AE3DC3F8253D73C8005A0B95 /* Images.app */ = {isa = PBXFileReference; explicitFileType = wrapper.application; includeInIndex = 0; path = Images.app; sourceTree = BUILT_PRODUCTS_DIR; };
		AE3DC3FB253D73C8005A0B95 /* AppDelegate.swift */ = {isa = PBXFileReference; lastKnownFileType = sourcecode.swift; path = AppDelegate.swift; sourceTree = "<group>"; };
		AE3DC3FD253D73C8005A0B95 /* SceneDelegate.swift */ = {isa = PBXFileReference; lastKnownFileType = sourcecode.swift; path = SceneDelegate.swift; sourceTree = "<group>"; };
		AE3DC3FF253D73C8005A0B95 /* ContentView.swift */ = {isa = PBXFileReference; lastKnownFileType = sourcecode.swift; path = ContentView.swift; sourceTree = "<group>"; };
		AE3DC401253D73CA005A0B95 /* Assets.xcassets */ = {isa = PBXFileReference; lastKnownFileType = folder.assetcatalog; path = Assets.xcassets; sourceTree = "<group>"; };
		AE3DC404253D73CA005A0B95 /* Preview Assets.xcassets */ = {isa = PBXFileReference; lastKnownFileType = folder.assetcatalog; path = "Preview Assets.xcassets"; sourceTree = "<group>"; };
		AE3DC407253D73CA005A0B95 /* Base */ = {isa = PBXFileReference; lastKnownFileType = file.storyboard; name = Base; path = Base.lproj/LaunchScreen.storyboard; sourceTree = "<group>"; };
		AE3DC409253D73CA005A0B95 /* Info.plist */ = {isa = PBXFileReference; lastKnownFileType = text.plist.xml; path = Info.plist; sourceTree = "<group>"; };
		AE3DC410253D7587005A0B95 /* Images.entitlements */ = {isa = PBXFileReference; lastKnownFileType = text.plist.entitlements; path = Images.entitlements; sourceTree = "<group>"; };
		AE3EA24A253D82AF002EA6CD /* UI.xcodeproj */ = {isa = PBXFileReference; lastKnownFileType = "wrapper.pb-project"; name = UI.xcodeproj; path = UI/UI.xcodeproj; sourceTree = "<group>"; };
/* End PBXFileReference section */

/* Begin PBXFrameworksBuildPhase section */
		AE3DC3F5253D73C8005A0B95 /* Frameworks */ = {
			isa = PBXFrameworksBuildPhase;
			buildActionMask = 2147483647;
			files = (
				AE3EA250253D82B6002EA6CD /* UI.framework in Frameworks */,
			);
			runOnlyForDeploymentPostprocessing = 0;
		};
/* End PBXFrameworksBuildPhase section */

/* Begin PBXGroup section */
		AE3DC3EF253D73C8005A0B95 = {
			isa = PBXGroup;
			children = (
				AE3EA249253D82A2002EA6CD /* Frameworks */,
				AE3DC3FA253D73C8005A0B95 /* Images */,
				AE3DC3F9253D73C8005A0B95 /* Products */,
			);
			sourceTree = "<group>";
		};
		AE3DC3F9253D73C8005A0B95 /* Products */ = {
			isa = PBXGroup;
			children = (
				AE3DC3F8253D73C8005A0B95 /* Images.app */,
			);
			name = Products;
			sourceTree = "<group>";
		};
		AE3DC3FA253D73C8005A0B95 /* Images */ = {
			isa = PBXGroup;
			children = (
				AE3DC410253D7587005A0B95 /* Images.entitlements */,
				AE3DC3FB253D73C8005A0B95 /* AppDelegate.swift */,
				AE3DC3FD253D73C8005A0B95 /* SceneDelegate.swift */,
				AE3DC3FF253D73C8005A0B95 /* ContentView.swift */,
				AE3DC401253D73CA005A0B95 /* Assets.xcassets */,
				AE3DC406253D73CA005A0B95 /* LaunchScreen.storyboard */,
				AE3DC409253D73CA005A0B95 /* Info.plist */,
				AE3DC403253D73CA005A0B95 /* Preview Content */,
			);
			path = Images;
			sourceTree = "<group>";
		};
		AE3DC403253D73CA005A0B95 /* Preview Content */ = {
			isa = PBXGroup;
			children = (
				AE3DC404253D73CA005A0B95 /* Preview Assets.xcassets */,
			);
			path = "Preview Content";
			sourceTree = "<group>";
		};
		AE3EA249253D82A2002EA6CD /* Frameworks */ = {
			isa = PBXGroup;
			children = (
				AE3EA24A253D82AF002EA6CD /* UI.xcodeproj */,
			);
			name = Frameworks;
			sourceTree = "<group>";
		};
		AE3EA24B253D82AF002EA6CD /* Products */ = {
			isa = PBXGroup;
			children = (
				AE3EA24F253D82AF002EA6CD /* UI.framework */,
			);
			name = Products;
			sourceTree = "<group>";
		};
/* End PBXGroup section */

/* Begin PBXNativeTarget section */
		AE3DC3F7253D73C8005A0B95 /* Images */ = {
			isa = PBXNativeTarget;
			buildConfigurationList = AE3DC40C253D73CA005A0B95 /* Build configuration list for PBXNativeTarget "Images" */;
			buildPhases = (
				AE3DC3F4253D73C8005A0B95 /* Sources */,
				AE3DC3F5253D73C8005A0B95 /* Frameworks */,
				AE3DC3F6253D73C8005A0B95 /* Resources */,
				AE3DC43A253D7747005A0B95 /* Embed Frameworks */,
			);
			buildRules = (
			);
			dependencies = (
				AE3EA253253D82BC002EA6CD /* PBXTargetDependency */,
			);
			name = Images;
			productName = Images;
			productReference = AE3DC3F8253D73C8005A0B95 /* Images.app */;
			productType = "com.apple.product-type.application";
		};
/* End PBXNativeTarget section */

/* Begin PBXProject section */
		AE3DC3F0253D73C8005A0B95 /* Project object */ = {
			isa = PBXProject;
			attributes = {
				LastSwiftUpdateCheck = 1200;
				LastUpgradeCheck = 1200;
				TargetAttributes = {
					AE3DC3F7253D73C8005A0B95 = {
						CreatedOnToolsVersion = 12.0.1;
					};
				};
			};
			buildConfigurationList = AE3DC3F3253D73C8005A0B95 /* Build configuration list for PBXProject "Images" */;
			compatibilityVersion = "Xcode 9.3";
			developmentRegion = en;
			hasScannedForEncodings = 0;
			knownRegions = (
				en,
				Base,
			);
			mainGroup = AE3DC3EF253D73C8005A0B95;
			productRefGroup = AE3DC3F9253D73C8005A0B95 /* Products */;
			projectDirPath = "";
			projectReferences = (
				{
					ProductGroup = AE3EA24B253D82AF002EA6CD /* Products */;
					ProjectRef = AE3EA24A253D82AF002EA6CD /* UI.xcodeproj */;
				},
			);
			projectRoot = "";
			targets = (
				AE3DC3F7253D73C8005A0B95 /* Images */,
			);
		};
/* End PBXProject section */

/* Begin PBXReferenceProxy section */
		AE3EA24F253D82AF002EA6CD /* UI.framework */ = {
			isa = PBXReferenceProxy;
			fileType = wrapper.framework;
			path = UI.framework;
			remoteRef = AE3EA24E253D82AF002EA6CD /* PBXContainerItemProxy */;
			sourceTree = BUILT_PRODUCTS_DIR;
		};
/* End PBXReferenceProxy section */

/* Begin PBXResourcesBuildPhase section */
		AE3DC3F6253D73C8005A0B95 /* Resources */ = {
			isa = PBXResourcesBuildPhase;
			buildActionMask = 2147483647;
			files = (
				AE3DC408253D73CA005A0B95 /* LaunchScreen.storyboard in Resources */,
				AE3DC405253D73CA005A0B95 /* Preview Assets.xcassets in Resources */,
				AE3DC402253D73CA005A0B95 /* Assets.xcassets in Resources */,
			);
			runOnlyForDeploymentPostprocessing = 0;
		};
/* End PBXResourcesBuildPhase section */

/* Begin PBXSourcesBuildPhase section */
		AE3DC3F4253D73C8005A0B95 /* Sources */ = {
			isa = PBXSourcesBuildPhase;
			buildActionMask = 2147483647;
			files = (
				AE3DC3FC253D73C8005A0B95 /* AppDelegate.swift in Sources */,
				AE3DC3FE253D73C8005A0B95 /* SceneDelegate.swift in Sources */,
				AE3DC400253D73C8005A0B95 /* ContentView.swift in Sources */,
			);
			runOnlyForDeploymentPostprocessing = 0;
		};
/* End PBXSourcesBuildPhase section */

/* Begin PBXTargetDependency section */
		AE3EA253253D82BC002EA6CD /* PBXTargetDependency */ = {
			isa = PBXTargetDependency;
			name = UI;
			targetProxy = AE3EA252253D82BC002EA6CD /* PBXContainerItemProxy */;
		};
/* End PBXTargetDependency section */

/* Begin PBXVariantGroup section */
		AE3DC406253D73CA005A0B95 /* LaunchScreen.storyboard */ = {
			isa = PBXVariantGroup;
			children = (
				AE3DC407253D73CA005A0B95 /* Base */,
			);
			name = LaunchScreen.storyboard;
			sourceTree = "<group>";
		};
/* End PBXVariantGroup section */

/* Begin XCBuildConfiguration section */
		AE3DC40A253D73CA005A0B95 /* Debug */ = {
			isa = XCBuildConfiguration;
			buildSettings = {
				ALWAYS_SEARCH_USER_PATHS = NO;
				CLANG_ANALYZER_NONNULL = YES;
				CLANG_ANALYZER_NUMBER_OBJECT_CONVERSION = YES_AGGRESSIVE;
				CLANG_CXX_LANGUAGE_STANDARD = "gnu++14";
				CLANG_CXX_LIBRARY = "libc++";
				CLANG_ENABLE_MODULES = YES;
				CLANG_ENABLE_OBJC_ARC = YES;
				CLANG_ENABLE_OBJC_WEAK = YES;
				CLANG_WARN_BLOCK_CAPTURE_AUTORELEASING = YES;
				CLANG_WARN_BOOL_CONVERSION = YES;
				CLANG_WARN_COMMA = YES;
				CLANG_WARN_CONSTANT_CONVERSION = YES;
				CLANG_WARN_DEPRECATED_OBJC_IMPLEMENTATIONS = YES;
				CLANG_WARN_DIRECT_OBJC_ISA_USAGE = YES_ERROR;
				CLANG_WARN_DOCUMENTATION_COMMENTS = YES;
				CLANG_WARN_EMPTY_BODY = YES;
				CLANG_WARN_ENUM_CONVERSION = YES;
				CLANG_WARN_INFINITE_RECURSION = YES;
				CLANG_WARN_INT_CONVERSION = YES;
				CLANG_WARN_NON_LITERAL_NULL_CONVERSION = YES;
				CLANG_WARN_OBJC_IMPLICIT_RETAIN_SELF = YES;
				CLANG_WARN_OBJC_LITERAL_CONVERSION = YES;
				CLANG_WARN_OBJC_ROOT_CLASS = YES_ERROR;
				CLANG_WARN_QUOTED_INCLUDE_IN_FRAMEWORK_HEADER = YES;
				CLANG_WARN_RANGE_LOOP_ANALYSIS = YES;
				CLANG_WARN_STRICT_PROTOTYPES = YES;
				CLANG_WARN_SUSPICIOUS_MOVE = YES;
				CLANG_WARN_UNGUARDED_AVAILABILITY = YES_AGGRESSIVE;
				CLANG_WARN_UNREACHABLE_CODE = YES;
				CLANG_WARN__DUPLICATE_METHOD_MATCH = YES;
				COPY_PHASE_STRIP = NO;
				DEBUG_INFORMATION_FORMAT = dwarf;
				ENABLE_STRICT_OBJC_MSGSEND = YES;
				ENABLE_TESTABILITY = YES;
				GCC_C_LANGUAGE_STANDARD = gnu11;
				GCC_DYNAMIC_NO_PIC = NO;
				GCC_NO_COMMON_BLOCKS = YES;
				GCC_OPTIMIZATION_LEVEL = 0;
				GCC_PREPROCESSOR_DEFINITIONS = (
					"DEBUG=1",
					"$(inherited)",
				);
				GCC_WARN_64_TO_32_BIT_CONVERSION = YES;
				GCC_WARN_ABOUT_RETURN_TYPE = YES_ERROR;
				GCC_WARN_UNDECLARED_SELECTOR = YES;
				GCC_WARN_UNINITIALIZED_AUTOS = YES_AGGRESSIVE;
				GCC_WARN_UNUSED_FUNCTION = YES;
				GCC_WARN_UNUSED_VARIABLE = YES;
				IPHONEOS_DEPLOYMENT_TARGET = 14.0;
				MTL_ENABLE_DEBUG_INFO = INCLUDE_SOURCE;
				MTL_FAST_MATH = YES;
				ONLY_ACTIVE_ARCH = YES;
				SDKROOT = iphoneos;
				SWIFT_ACTIVE_COMPILATION_CONDITIONS = DEBUG;
				SWIFT_OPTIMIZATION_LEVEL = "-Onone";
			};
			name = Debug;
		};
		AE3DC40B253D73CA005A0B95 /* Release */ = {
			isa = XCBuildConfiguration;
			buildSettings = {
				ALWAYS_SEARCH_USER_PATHS = NO;
				CLANG_ANALYZER_NONNULL = YES;
				CLANG_ANALYZER_NUMBER_OBJECT_CONVERSION = YES_AGGRESSIVE;
				CLANG_CXX_LANGUAGE_STANDARD = "gnu++14";
				CLANG_CXX_LIBRARY = "libc++";
				CLANG_ENABLE_MODULES = YES;
				CLANG_ENABLE_OBJC_ARC = YES;
				CLANG_ENABLE_OBJC_WEAK = YES;
				CLANG_WARN_BLOCK_CAPTURE_AUTORELEASING = YES;
				CLANG_WARN_BOOL_CONVERSION = YES;
				CLANG_WARN_COMMA = YES;
				CLANG_WARN_CONSTANT_CONVERSION = YES;
				CLANG_WARN_DEPRECATED_OBJC_IMPLEMENTATIONS = YES;
				CLANG_WARN_DIRECT_OBJC_ISA_USAGE = YES_ERROR;
				CLANG_WARN_DOCUMENTATION_COMMENTS = YES;
				CLANG_WARN_EMPTY_BODY = YES;
				CLANG_WARN_ENUM_CONVERSION = YES;
				CLANG_WARN_INFINITE_RECURSION = YES;
				CLANG_WARN_INT_CONVERSION = YES;
				CLANG_WARN_NON_LITERAL_NULL_CONVERSION = YES;
				CLANG_WARN_OBJC_IMPLICIT_RETAIN_SELF = YES;
				CLANG_WARN_OBJC_LITERAL_CONVERSION = YES;
				CLANG_WARN_OBJC_ROOT_CLASS = YES_ERROR;
				CLANG_WARN_QUOTED_INCLUDE_IN_FRAMEWORK_HEADER = YES;
				CLANG_WARN_RANGE_LOOP_ANALYSIS = YES;
				CLANG_WARN_STRICT_PROTOTYPES = YES;
				CLANG_WARN_SUSPICIOUS_MOVE = YES;
				CLANG_WARN_UNGUARDED_AVAILABILITY = YES_AGGRESSIVE;
				CLANG_WARN_UNREACHABLE_CODE = YES;
				CLANG_WARN__DUPLICATE_METHOD_MATCH = YES;
				COPY_PHASE_STRIP = NO;
				DEBUG_INFORMATION_FORMAT = "dwarf-with-dsym";
				ENABLE_NS_ASSERTIONS = NO;
				ENABLE_STRICT_OBJC_MSGSEND = YES;
				GCC_C_LANGUAGE_STANDARD = gnu11;
				GCC_NO_COMMON_BLOCKS = YES;
				GCC_WARN_64_TO_32_BIT_CONVERSION = YES;
				GCC_WARN_ABOUT_RETURN_TYPE = YES_ERROR;
				GCC_WARN_UNDECLARED_SELECTOR = YES;
				GCC_WARN_UNINITIALIZED_AUTOS = YES_AGGRESSIVE;
				GCC_WARN_UNUSED_FUNCTION = YES;
				GCC_WARN_UNUSED_VARIABLE = YES;
				IPHONEOS_DEPLOYMENT_TARGET = 14.0;
				MTL_ENABLE_DEBUG_INFO = NO;
				MTL_FAST_MATH = YES;
				SDKROOT = iphoneos;
				SWIFT_COMPILATION_MODE = wholemodule;
				SWIFT_OPTIMIZATION_LEVEL = "-O";
				VALIDATE_PRODUCT = YES;
			};
			name = Release;
		};
		AE3DC40D253D73CA005A0B95 /* Debug */ = {
			isa = XCBuildConfiguration;
			buildSettings = {
				ASSETCATALOG_COMPILER_APPICON_NAME = AppIcon;
				ASSETCATALOG_COMPILER_GLOBAL_ACCENT_COLOR_NAME = AccentColor;
				CODE_SIGN_ENTITLEMENTS = Images/Images.entitlements;
				CODE_SIGN_STYLE = Automatic;
				DEVELOPMENT_ASSET_PATHS = "\"Images/Preview Content\"";
				DEVELOPMENT_TEAM = QPFFKMSR5R;
				ENABLE_PREVIEWS = YES;
				INFOPLIST_FILE = Images/Info.plist;
				LD_RUNPATH_SEARCH_PATHS = (
					"$(inherited)",
					"@executable_path/Frameworks",
				);
				PRODUCT_BUNDLE_IDENTIFIER = com.mczarnik.Images;
				PRODUCT_NAME = "$(TARGET_NAME)";
				SUPPORTS_MACCATALYST = YES;
				SWIFT_VERSION = 5.0;
				TARGETED_DEVICE_FAMILY = 2;
			};
			name = Debug;
		};
		AE3DC40E253D73CA005A0B95 /* Release */ = {
			isa = XCBuildConfiguration;
			buildSettings = {
				ASSETCATALOG_COMPILER_APPICON_NAME = AppIcon;
				ASSETCATALOG_COMPILER_GLOBAL_ACCENT_COLOR_NAME = AccentColor;
				CODE_SIGN_ENTITLEMENTS = Images/Images.entitlements;
				CODE_SIGN_STYLE = Automatic;
				DEVELOPMENT_ASSET_PATHS = "\"Images/Preview Content\"";
				DEVELOPMENT_TEAM = QPFFKMSR5R;
				ENABLE_PREVIEWS = YES;
				INFOPLIST_FILE = Images/Info.plist;
				LD_RUNPATH_SEARCH_PATHS = (
					"$(inherited)",
					"@executable_path/Frameworks",
				);
				PRODUCT_BUNDLE_IDENTIFIER = com.mczarnik.Images;
				PRODUCT_NAME = "$(TARGET_NAME)";
				SUPPORTS_MACCATALYST = YES;
				SWIFT_VERSION = 5.0;
				TARGETED_DEVICE_FAMILY = 2;
			};
			name = Release;
		};
/* End XCBuildConfiguration section */

/* Begin XCConfigurationList section */
		AE3DC3F3253D73C8005A0B95 /* Build configuration list for PBXProject "Images" */ = {
			isa = XCConfigurationList;
			buildConfigurations = (
				AE3DC40A253D73CA005A0B95 /* Debug */,
				AE3DC40B253D73CA005A0B95 /* Release */,
			);
			defaultConfigurationIsVisible = 0;
			defaultConfigurationName = Release;
		};
		AE3DC40C253D73CA005A0B95 /* Build configuration list for PBXNativeTarget "Images" */ = {
			isa = XCConfigurationList;
			buildConfigurations = (
				AE3DC40D253D73CA005A0B95 /* Debug */,
				AE3DC40E253D73CA005A0B95 /* Release */,
			);
			defaultConfigurationIsVisible = 0;
			defaultConfigurationName = Release;
		};
/* End XCConfigurationList section */
	};
	rootObject = AE3DC3F0253D73C8005A0B95 /* Project object */;
}
